Microsoft Visual Studio Solution File, Format Version 12.00
# Visual Studio Version 17
VisualStudioVersion = 17.5.2.0
MinimumVisualStudioVersion = 10.0.40219.1
Project("{FAE04EC0-301F-11D3-BF4B-00C04F79EFBC}") = "ShopifyVariantSplitter", "ShopifyVariantSplitter.WPF\ShopifyVariantSplitter.csproj", "{6AB17BA9-4557-C339-6D09-63BF9AA03CEE}"
EndProject
Global
	GlobalSection(SolutionConfigurationPlatforms) = preSolution
		Debug|Any CPU = Debug|Any CPU
		Release|Any CPU = Release|Any CPU
	EndGlobalSection
	GlobalSection(ProjectConfigurationPlatforms) = postSolution
		{6AB17BA9-4557-C339-6D09-63BF9AA03CEE}.Debug|Any CPU.ActiveCfg = Debug|Any CPU
		{6AB17BA9-4557-C339-6D09-63BF9AA03CEE}.Debug|Any CPU.Build.0 = Debug|Any CPU
		{6AB17BA9-4557-C339-6D09-63BF9AA03CEE}.Release|Any CPU.ActiveCfg = Release|Any CPU
		{6AB17BA9-4557-C339-6D09-63BF9AA03CEE}.Release|Any CPU.Build.0 = Release|Any CPU
	EndGlobalSection
	GlobalSection(SolutionProperties) = preSolution
		HideSolutionNode = FALSE
	EndGlobalSection
	GlobalSection(ExtensibilityGlobals) = postSolution
		SolutionGuid = {A9117343-E5C7-4ACD-886E-96FAA1BA53EC}
	EndGlobalSection
EndGlobal
